{
  "name": "spy-bodycam",
  "lockfileVersion": 3,
  "requires": true,
  "packages": {
    "": {
      "dependencies": {
        "fivem-game-view": "^1.0.0"
      }
    },
    "node_modules/fivem-game-view": {
      "version": "1.0.0",
      "resolved": "https://registry.npmjs.org/fivem-game-view/-/fivem-game-view-1.0.0.tgz",
      "integrity": "sha512-1wxQfM1BwTOmCFNxDMAY/aapsCpDOqoqPhphY0QqPK44Yru7TTsDkV+yK1lKTC3nmdhAEPf5NLdQxYfhDIOqaw=="
    }
  }
}
