# THIS IS AN AUTOGENERATED FILE. DO NOT EDIT THIS FILE DIRECTLY.
# yarn lockfile v1


fivem-game-view@^1.0.0:
  version "1.0.0"
  resolved "https://registry.yarnpkg.com/fivem-game-view/-/fivem-game-view-1.0.0.tgz#a956bb8d135bf1b28d3e91af7ff8aa069ca2de0b"
  integrity sha512-1wxQfM1BwTOmCFNxDMAY/aapsCpDOqoqPhphY0QqPK44Yru7TTsDkV+yK1lKTC3nmdhAEPf5NLdQxYfhDIOqaw==
